
Microsoft Visual Studio Solution File, Format Version 12.00
# Visual Studio 15
VisualStudioVersion = 15.0.27428.2005
MinimumVisualStudioVersion = 10.0.40219.1
Project("{FAE04EC0-301F-11D3-BF4B-00C04F79EFBC}") = "Catalog,API", "Catalog,API\Catalog,API.csproj", "{8691E9AE-244D-469D-8584-77D4A6116C26}"
EndProject
Project("{E53339B2-1760-4266-BCC7-CA923CBCF16C}") = "docker-compose", "docker-compose.dcproj", "{98D4FF1F-2EC3-4C7D-B045-334017B6FC75}"
EndProject
Global
	GlobalSection(SolutionConfigurationPlatforms) = preSolution
		Debug|Any CPU = Debug|Any CPU
		Release|Any CPU = Release|Any CPU
	EndGlobalSection
	GlobalSection(ProjectConfigurationPlatforms) = postSolution
		{8691E9AE-244D-469D-8584-77D4A6116C26}.Debug|Any CPU.ActiveCfg = Debug|Any CPU
		{8691E9AE-244D-469D-8584-77D4A6116C26}.Debug|Any CPU.Build.0 = Debug|Any CPU
		{8691E9AE-244D-469D-8584-77D4A6116C26}.Release|Any CPU.ActiveCfg = Release|Any CPU
		{8691E9AE-244D-469D-8584-77D4A6116C26}.Release|Any CPU.Build.0 = Release|Any CPU
		{98D4FF1F-2EC3-4C7D-B045-334017B6FC75}.Debug|Any CPU.ActiveCfg = Debug|Any CPU
		{98D4FF1F-2EC3-4C7D-B045-334017B6FC75}.Debug|Any CPU.Build.0 = Debug|Any CPU
		{98D4FF1F-2EC3-4C7D-B045-334017B6FC75}.Release|Any CPU.ActiveCfg = Release|Any CPU
		{98D4FF1F-2EC3-4C7D-B045-334017B6FC75}.Release|Any CPU.Build.0 = Release|Any CPU
	EndGlobalSection
	GlobalSection(SolutionProperties) = preSolution
		HideSolutionNode = FALSE
	EndGlobalSection
	GlobalSection(ExtensibilityGlobals) = postSolution
		SolutionGuid = {848A472E-7567-47EF-B122-B016D364DC30}
	EndGlobalSection
EndGlobal
