
Microsoft Visual Studio Solution File, Format Version 12.00
# Visual Studio 15
VisualStudioVersion = 15.0.27130.2036
MinimumVisualStudioVersion = 10.0.40219.1
Project("{E53339B2-1760-4266-BCC7-CA923CBCF16C}") = "docker-compose", "docker-compose.dcproj", "{98D4FF1F-2EC3-4C7D-B045-334017B6FC75}"
EndProject
Project("{2150E333-8FDC-42A3-9474-1A3956D46DE8}") = "src", "src", "{A94248FA-4981-426A-BC12-A9D3261E6A2D}"
EndProject
Project("{2150E333-8FDC-42A3-9474-1A3956D46DE8}") = "Libraries", "Libraries", "{A2A5FB03-1DD5-41A1-8D6C-9863B8837478}"
EndProject
Project("{2150E333-8FDC-42A3-9474-1A3956D46DE8}") = "HealthChecks", "HealthChecks", "{F5A6A326-F457-4BA4-B289-A8546E664A35}"
EndProject
Project("{9A19103F-16F7-4668-BE54-9A1E7A4F7556}") = "Enterprise.Library.FileUtility", "..\enterprise.library\src\FileUtility\Enterprise.Library.FileUtility\Enterprise.Library.FileUtility.csproj", "{F35C16E4-E350-4EE4-8645-C6C90400FD74}"
EndProject
Project("{9A19103F-16F7-4668-BE54-9A1E7A4F7556}") = "Enterprise.Extensions.HealthChecks", "..\enterprise.library\src\HealthChecks\Enterprise.Extensions.HealthChecks\Enterprise.Extensions.HealthChecks.csproj", "{F7EE2D01-9120-4ABB-B258-48186EBD584C}"
EndProject
Project("{9A19103F-16F7-4668-BE54-9A1E7A4F7556}") = "Enterprise.Extensions.HealthChecks.SqlServer", "..\enterprise.library\src\HealthChecks\Enterprise.Extensions.HealthChecks.SqlServer\Enterprise.Extensions.HealthChecks.SqlServer.csproj", "{815AD589-12CD-49AC-AC10-A6B3D94ABF43}"
EndProject
Project("{9A19103F-16F7-4668-BE54-9A1E7A4F7556}") = "Enterprise.Extensions.HealthChecks.AzureStorage", "..\enterprise.library\src\HealthChecks\Enterprise.Extensions.HealthChecks.AzureStorage\Enterprise.Extensions.HealthChecks.AzureStorage.csproj", "{11394D42-CF18-4FD6-BF43-24B4D7909723}"
EndProject
Project("{9A19103F-16F7-4668-BE54-9A1E7A4F7556}") = "Enterprise.Library.HealthChecks", "..\enterprise.library\src\HealthChecks\Enterprise.Library.HealthChecks\Enterprise.Library.HealthChecks.csproj", "{11C98C91-AA8E-4C47-9FEA-94920DA7AC0A}"
EndProject
Project("{2150E333-8FDC-42A3-9474-1A3956D46DE8}") = "EventBus", "EventBus", "{2EEE7AC2-BE28-4CD2-BFDF-880C6653F70B}"
EndProject
Project("{9A19103F-16F7-4668-BE54-9A1E7A4F7556}") = "Enterprise.Library.IntegrationEventLog", "..\enterprise.library\src\EventBus\Enterprise.Library.IntegrationEventLog\Enterprise.Library.IntegrationEventLog.csproj", "{B0289D90-E5D0-47F9-9317-1864B7A1643A}"
EndProject
Project("{9A19103F-16F7-4668-BE54-9A1E7A4F7556}") = "Enterprise.Library.EventBus.RabbitMQ", "..\enterprise.library\src\EventBus\Enterprise.Library.EventBus.RabbitMQ\Enterprise.Library.EventBus.RabbitMQ.csproj", "{E9814419-63AB-4654-89FA-7D00EC07201C}"
EndProject
Project("{9A19103F-16F7-4668-BE54-9A1E7A4F7556}") = "Enterprise.Library.EventBus", "..\enterprise.library\src\EventBus\Enterprise.Library.EventBus\Enterprise.Library.EventBus.csproj", "{58E889A9-EB27-4AD3-A462-BBB23B62BE8A}"
EndProject
Project("{9A19103F-16F7-4668-BE54-9A1E7A4F7556}") = "Enterprise.Library.EventBus.ServiceBus", "..\enterprise.library\src\EventBus\Enterprise.Library.EventBus.ServiceBus\Enterprise.Library.EventBus.ServiceBus.csproj", "{262907FC-4CE0-4F60-A084-F3F72BF5307C}"
EndProject
Project("{2150E333-8FDC-42A3-9474-1A3956D46DE8}") = "CommandBus", "CommandBus", "{7C16E9EE-553F-400D-8587-D8B823C64E17}"
EndProject
Project("{9A19103F-16F7-4668-BE54-9A1E7A4F7556}") = "Enterprise.Library.CommandBus", "..\enterprise.library\src\CommandBus\Enterprise.Library.CommandBus\Enterprise.Library.CommandBus.csproj", "{46B1861D-8669-4644-83A3-BB182EB4236C}"
EndProject
Project("{2150E333-8FDC-42A3-9474-1A3956D46DE8}") = "FileUtility", "FileUtility", "{B04E6FF1-FBAC-41D3-99F1-DD938E80B0BF}"
EndProject
Project("{2150E333-8FDC-42A3-9474-1A3956D46DE8}") = "Services", "Services", "{1BF15546-975B-4D41-8477-15B688C8BB07}"
EndProject
Project("{9A19103F-16F7-4668-BE54-9A1E7A4F7556}") = "Catalog.API", "src\Catalog\Catalog.API\Catalog.API.csproj", "{29FD84C6-0CB2-413B-879F-01566475203B}"
EndProject
Project("{2150E333-8FDC-42A3-9474-1A3956D46DE8}") = "Solution Items", "Solution Items", "{F7273ED8-F750-4BCC-8BFD-1B2603EFEFB4}"
	ProjectSection(SolutionItems) = preProject
		.env = .env
	EndProjectSection
EndProject
Project("{9A19103F-16F7-4668-BE54-9A1E7A4F7556}") = "Order.API", "src\Order\Order.API\Order.API.csproj", "{D1B60395-F23E-4F55-9169-05D8D3403704}"
EndProject
Project("{2150E333-8FDC-42A3-9474-1A3956D46DE8}") = "Catalog", "Catalog", "{701DD8C3-ECB0-4A01-9ABE-25A4F38F0DAD}"
EndProject
Project("{2150E333-8FDC-42A3-9474-1A3956D46DE8}") = "Order", "Order", "{F7351409-D1FC-48C9-A663-F71B0CE03B33}"
EndProject
Project("{2150E333-8FDC-42A3-9474-1A3956D46DE8}") = "tests", "tests", "{D7CE7A34-6B26-4943-978E-BB8D46A56C43}"
EndProject
Project("{2150E333-8FDC-42A3-9474-1A3956D46DE8}") = "WebHostCustomization", "WebHostCustomization", "{15881293-21FD-4E51-8C7E-5F083F5A0EDE}"
EndProject
Project("{9A19103F-16F7-4668-BE54-9A1E7A4F7556}") = "WebHost.Customization", "..\enterprise.library\src\WebHostCustomization\WebHost.Customization\WebHost.Customization.csproj", "{43ED0BC3-9301-4327-A5E6-AEE0879CCF34}"
EndProject
Project("{2150E333-8FDC-42A3-9474-1A3956D46DE8}") = "integrated-tests", "integrated-tests", "{4BE4862A-D3DB-41AC-BF27-3264EBB45E1E}"
EndProject
Project("{2150E333-8FDC-42A3-9474-1A3956D46DE8}") = "Abstraction", "Abstraction", "{72181A9C-0EE8-4B21-9B3F-2CCFA969D027}"
EndProject
Project("{9A19103F-16F7-4668-BE54-9A1E7A4F7556}") = "Enterprise.Abstraction", "..\enterprise.library\src\Abstraction\Enterprise.Abstraction\Enterprise.Abstraction.csproj", "{79F19A8D-6611-4D96-AFDE-8768B11A5B66}"
EndProject
Project("{9A19103F-16F7-4668-BE54-9A1E7A4F7556}") = "Identity.API", "..\enterprise.identity\src\Identity.API\Identity.API.csproj", "{F36E2F4C-EED3-47ED-AF47-40CE788A9D29}"
EndProject
Project("{2150E333-8FDC-42A3-9474-1A3956D46DE8}") = "Identity", "Identity", "{C5D7A33C-9EE3-4F3E-8B24-9F9F89BD642F}"
EndProject
Project("{2150E333-8FDC-42A3-9474-1A3956D46DE8}") = "Web", "Web", "{28F977E7-ACA5-4CED-9C28-9D4E93BB3B67}"
EndProject
Project("{9A19103F-16F7-4668-BE54-9A1E7A4F7556}") = "WebStatus", "..\enterprise.healthcheck\src\WebStatus\WebStatus.csproj", "{C3860820-9475-4794-8591-EE1C3D48BED6}"
EndProject
Project("{9A19103F-16F7-4668-BE54-9A1E7A4F7556}") = "Catalog.API.IntegrationTests", "integration-tests\Catalog.API.IntegrationTests\Catalog.API.IntegrationTests.csproj", "{0C988709-8EF4-4803-866E-F604D7266AB3}"
EndProject
Project("{2150E333-8FDC-42A3-9474-1A3956D46DE8}") = "Basket", "Basket", "{8F5595D1-6F55-4A35-903A-E07F3D276B0B}"
EndProject
Project("{9A19103F-16F7-4668-BE54-9A1E7A4F7556}") = "Basket.API", "src\Basket\Basket.API\Basket.API.csproj", "{4BE4A089-7B79-496E-B759-E76C551ECA46}"
EndProject
Project("{2150E333-8FDC-42A3-9474-1A3956D46DE8}") = "Payment", "Payment", "{54142E8A-B071-4EEA-B1B9-C5B9A01367FA}"
EndProject
Project("{9A19103F-16F7-4668-BE54-9A1E7A4F7556}") = "Payment.API", "src\Payment\Payment.API\Payment.API.csproj", "{5F5B6AD8-49BA-464B-A3DC-CA52051F73BC}"
EndProject
Project("{9A19103F-16F7-4668-BE54-9A1E7A4F7556}") = "Order.BackgroundTasks", "src\Order\Order.BackgroundTasks\Order.BackgroundTasks.csproj", "{BECCAD35-506E-4EFD-8F53-59B56C012BAB}"
EndProject
Project("{9A19103F-16F7-4668-BE54-9A1E7A4F7556}") = "Order.Domain", "src\Order\Order.Domain\Order.Domain.csproj", "{9A707845-C9C7-4076-A679-2660C8E944F0}"
EndProject
Project("{FAE04EC0-301F-11D3-BF4B-00C04F79EFBC}") = "Order.Infrastructure", "src\Order\Order.Infrastructure\Order.Infrastructure.csproj", "{B1C6A2F5-C2C9-4B14-935E-50F12624641B}"
EndProject
Global
	GlobalSection(SolutionConfigurationPlatforms) = preSolution
		Debug|Any CPU = Debug|Any CPU
		Release|Any CPU = Release|Any CPU
	EndGlobalSection
	GlobalSection(ProjectConfigurationPlatforms) = postSolution
		{98D4FF1F-2EC3-4C7D-B045-334017B6FC75}.Debug|Any CPU.ActiveCfg = Debug|Any CPU
		{98D4FF1F-2EC3-4C7D-B045-334017B6FC75}.Debug|Any CPU.Build.0 = Debug|Any CPU
		{98D4FF1F-2EC3-4C7D-B045-334017B6FC75}.Release|Any CPU.ActiveCfg = Release|Any CPU
		{98D4FF1F-2EC3-4C7D-B045-334017B6FC75}.Release|Any CPU.Build.0 = Release|Any CPU
		{F35C16E4-E350-4EE4-8645-C6C90400FD74}.Debug|Any CPU.ActiveCfg = Debug|Any CPU
		{F35C16E4-E350-4EE4-8645-C6C90400FD74}.Debug|Any CPU.Build.0 = Debug|Any CPU
		{F35C16E4-E350-4EE4-8645-C6C90400FD74}.Release|Any CPU.ActiveCfg = Release|Any CPU
		{F35C16E4-E350-4EE4-8645-C6C90400FD74}.Release|Any CPU.Build.0 = Release|Any CPU
		{F7EE2D01-9120-4ABB-B258-48186EBD584C}.Debug|Any CPU.ActiveCfg = Debug|Any CPU
		{F7EE2D01-9120-4ABB-B258-48186EBD584C}.Debug|Any CPU.Build.0 = Debug|Any CPU
		{F7EE2D01-9120-4ABB-B258-48186EBD584C}.Release|Any CPU.ActiveCfg = Release|Any CPU
		{F7EE2D01-9120-4ABB-B258-48186EBD584C}.Release|Any CPU.Build.0 = Release|Any CPU
		{815AD589-12CD-49AC-AC10-A6B3D94ABF43}.Debug|Any CPU.ActiveCfg = Debug|Any CPU
		{815AD589-12CD-49AC-AC10-A6B3D94ABF43}.Debug|Any CPU.Build.0 = Debug|Any CPU
		{815AD589-12CD-49AC-AC10-A6B3D94ABF43}.Release|Any CPU.ActiveCfg = Release|Any CPU
		{815AD589-12CD-49AC-AC10-A6B3D94ABF43}.Release|Any CPU.Build.0 = Release|Any CPU
		{11394D42-CF18-4FD6-BF43-24B4D7909723}.Debug|Any CPU.ActiveCfg = Debug|Any CPU
		{11394D42-CF18-4FD6-BF43-24B4D7909723}.Debug|Any CPU.Build.0 = Debug|Any CPU
		{11394D42-CF18-4FD6-BF43-24B4D7909723}.Release|Any CPU.ActiveCfg = Release|Any CPU
		{11394D42-CF18-4FD6-BF43-24B4D7909723}.Release|Any CPU.Build.0 = Release|Any CPU
		{11C98C91-AA8E-4C47-9FEA-94920DA7AC0A}.Debug|Any CPU.ActiveCfg = Debug|Any CPU
		{11C98C91-AA8E-4C47-9FEA-94920DA7AC0A}.Debug|Any CPU.Build.0 = Debug|Any CPU
		{11C98C91-AA8E-4C47-9FEA-94920DA7AC0A}.Release|Any CPU.ActiveCfg = Release|Any CPU
		{11C98C91-AA8E-4C47-9FEA-94920DA7AC0A}.Release|Any CPU.Build.0 = Release|Any CPU
		{B0289D90-E5D0-47F9-9317-1864B7A1643A}.Debug|Any CPU.ActiveCfg = Debug|Any CPU
		{B0289D90-E5D0-47F9-9317-1864B7A1643A}.Debug|Any CPU.Build.0 = Debug|Any CPU
		{B0289D90-E5D0-47F9-9317-1864B7A1643A}.Release|Any CPU.ActiveCfg = Release|Any CPU
		{B0289D90-E5D0-47F9-9317-1864B7A1643A}.Release|Any CPU.Build.0 = Release|Any CPU
		{E9814419-63AB-4654-89FA-7D00EC07201C}.Debug|Any CPU.ActiveCfg = Debug|Any CPU
		{E9814419-63AB-4654-89FA-7D00EC07201C}.Debug|Any CPU.Build.0 = Debug|Any CPU
		{E9814419-63AB-4654-89FA-7D00EC07201C}.Release|Any CPU.ActiveCfg = Release|Any CPU
		{E9814419-63AB-4654-89FA-7D00EC07201C}.Release|Any CPU.Build.0 = Release|Any CPU
		{58E889A9-EB27-4AD3-A462-BBB23B62BE8A}.Debug|Any CPU.ActiveCfg = Debug|Any CPU
		{58E889A9-EB27-4AD3-A462-BBB23B62BE8A}.Debug|Any CPU.Build.0 = Debug|Any CPU
		{58E889A9-EB27-4AD3-A462-BBB23B62BE8A}.Release|Any CPU.ActiveCfg = Release|Any CPU
		{58E889A9-EB27-4AD3-A462-BBB23B62BE8A}.Release|Any CPU.Build.0 = Release|Any CPU
		{262907FC-4CE0-4F60-A084-F3F72BF5307C}.Debug|Any CPU.ActiveCfg = Debug|Any CPU
		{262907FC-4CE0-4F60-A084-F3F72BF5307C}.Debug|Any CPU.Build.0 = Debug|Any CPU
		{262907FC-4CE0-4F60-A084-F3F72BF5307C}.Release|Any CPU.ActiveCfg = Release|Any CPU
		{262907FC-4CE0-4F60-A084-F3F72BF5307C}.Release|Any CPU.Build.0 = Release|Any CPU
		{46B1861D-8669-4644-83A3-BB182EB4236C}.Debug|Any CPU.ActiveCfg = Debug|Any CPU
		{46B1861D-8669-4644-83A3-BB182EB4236C}.Debug|Any CPU.Build.0 = Debug|Any CPU
		{46B1861D-8669-4644-83A3-BB182EB4236C}.Release|Any CPU.ActiveCfg = Release|Any CPU
		{46B1861D-8669-4644-83A3-BB182EB4236C}.Release|Any CPU.Build.0 = Release|Any CPU
		{29FD84C6-0CB2-413B-879F-01566475203B}.Debug|Any CPU.ActiveCfg = Debug|Any CPU
		{29FD84C6-0CB2-413B-879F-01566475203B}.Debug|Any CPU.Build.0 = Debug|Any CPU
		{29FD84C6-0CB2-413B-879F-01566475203B}.Release|Any CPU.ActiveCfg = Release|Any CPU
		{29FD84C6-0CB2-413B-879F-01566475203B}.Release|Any CPU.Build.0 = Release|Any CPU
		{D1B60395-F23E-4F55-9169-05D8D3403704}.Debug|Any CPU.ActiveCfg = Debug|Any CPU
		{D1B60395-F23E-4F55-9169-05D8D3403704}.Debug|Any CPU.Build.0 = Debug|Any CPU
		{D1B60395-F23E-4F55-9169-05D8D3403704}.Release|Any CPU.ActiveCfg = Release|Any CPU
		{D1B60395-F23E-4F55-9169-05D8D3403704}.Release|Any CPU.Build.0 = Release|Any CPU
		{43ED0BC3-9301-4327-A5E6-AEE0879CCF34}.Debug|Any CPU.ActiveCfg = Debug|Any CPU
		{43ED0BC3-9301-4327-A5E6-AEE0879CCF34}.Debug|Any CPU.Build.0 = Debug|Any CPU
		{43ED0BC3-9301-4327-A5E6-AEE0879CCF34}.Release|Any CPU.ActiveCfg = Release|Any CPU
		{43ED0BC3-9301-4327-A5E6-AEE0879CCF34}.Release|Any CPU.Build.0 = Release|Any CPU
		{79F19A8D-6611-4D96-AFDE-8768B11A5B66}.Debug|Any CPU.ActiveCfg = Debug|Any CPU
		{79F19A8D-6611-4D96-AFDE-8768B11A5B66}.Debug|Any CPU.Build.0 = Debug|Any CPU
		{79F19A8D-6611-4D96-AFDE-8768B11A5B66}.Release|Any CPU.ActiveCfg = Release|Any CPU
		{79F19A8D-6611-4D96-AFDE-8768B11A5B66}.Release|Any CPU.Build.0 = Release|Any CPU
		{F36E2F4C-EED3-47ED-AF47-40CE788A9D29}.Debug|Any CPU.ActiveCfg = Debug|Any CPU
		{F36E2F4C-EED3-47ED-AF47-40CE788A9D29}.Debug|Any CPU.Build.0 = Debug|Any CPU
		{F36E2F4C-EED3-47ED-AF47-40CE788A9D29}.Release|Any CPU.ActiveCfg = Release|Any CPU
		{F36E2F4C-EED3-47ED-AF47-40CE788A9D29}.Release|Any CPU.Build.0 = Release|Any CPU
		{C3860820-9475-4794-8591-EE1C3D48BED6}.Debug|Any CPU.ActiveCfg = Debug|Any CPU
		{C3860820-9475-4794-8591-EE1C3D48BED6}.Debug|Any CPU.Build.0 = Debug|Any CPU
		{C3860820-9475-4794-8591-EE1C3D48BED6}.Release|Any CPU.ActiveCfg = Release|Any CPU
		{C3860820-9475-4794-8591-EE1C3D48BED6}.Release|Any CPU.Build.0 = Release|Any CPU
		{0C988709-8EF4-4803-866E-F604D7266AB3}.Debug|Any CPU.ActiveCfg = Debug|Any CPU
		{0C988709-8EF4-4803-866E-F604D7266AB3}.Debug|Any CPU.Build.0 = Debug|Any CPU
		{0C988709-8EF4-4803-866E-F604D7266AB3}.Release|Any CPU.ActiveCfg = Release|Any CPU
		{0C988709-8EF4-4803-866E-F604D7266AB3}.Release|Any CPU.Build.0 = Release|Any CPU
		{4BE4A089-7B79-496E-B759-E76C551ECA46}.Debug|Any CPU.ActiveCfg = Debug|Any CPU
		{4BE4A089-7B79-496E-B759-E76C551ECA46}.Debug|Any CPU.Build.0 = Debug|Any CPU
		{4BE4A089-7B79-496E-B759-E76C551ECA46}.Release|Any CPU.ActiveCfg = Release|Any CPU
		{4BE4A089-7B79-496E-B759-E76C551ECA46}.Release|Any CPU.Build.0 = Release|Any CPU
		{5F5B6AD8-49BA-464B-A3DC-CA52051F73BC}.Debug|Any CPU.ActiveCfg = Debug|Any CPU
		{5F5B6AD8-49BA-464B-A3DC-CA52051F73BC}.Debug|Any CPU.Build.0 = Debug|Any CPU
		{5F5B6AD8-49BA-464B-A3DC-CA52051F73BC}.Release|Any CPU.ActiveCfg = Release|Any CPU
		{5F5B6AD8-49BA-464B-A3DC-CA52051F73BC}.Release|Any CPU.Build.0 = Release|Any CPU
		{BECCAD35-506E-4EFD-8F53-59B56C012BAB}.Debug|Any CPU.ActiveCfg = Debug|Any CPU
		{BECCAD35-506E-4EFD-8F53-59B56C012BAB}.Debug|Any CPU.Build.0 = Debug|Any CPU
		{BECCAD35-506E-4EFD-8F53-59B56C012BAB}.Release|Any CPU.ActiveCfg = Release|Any CPU
		{BECCAD35-506E-4EFD-8F53-59B56C012BAB}.Release|Any CPU.Build.0 = Release|Any CPU
		{9A707845-C9C7-4076-A679-2660C8E944F0}.Debug|Any CPU.ActiveCfg = Debug|Any CPU
		{9A707845-C9C7-4076-A679-2660C8E944F0}.Debug|Any CPU.Build.0 = Debug|Any CPU
		{9A707845-C9C7-4076-A679-2660C8E944F0}.Release|Any CPU.ActiveCfg = Release|Any CPU
		{9A707845-C9C7-4076-A679-2660C8E944F0}.Release|Any CPU.Build.0 = Release|Any CPU
		{B1C6A2F5-C2C9-4B14-935E-50F12624641B}.Debug|Any CPU.ActiveCfg = Debug|Any CPU
		{B1C6A2F5-C2C9-4B14-935E-50F12624641B}.Debug|Any CPU.Build.0 = Debug|Any CPU
		{B1C6A2F5-C2C9-4B14-935E-50F12624641B}.Release|Any CPU.ActiveCfg = Release|Any CPU
		{B1C6A2F5-C2C9-4B14-935E-50F12624641B}.Release|Any CPU.Build.0 = Release|Any CPU
	EndGlobalSection
	GlobalSection(SolutionProperties) = preSolution
		HideSolutionNode = FALSE
	EndGlobalSection
	GlobalSection(NestedProjects) = preSolution
		{A2A5FB03-1DD5-41A1-8D6C-9863B8837478} = {A94248FA-4981-426A-BC12-A9D3261E6A2D}
		{F5A6A326-F457-4BA4-B289-A8546E664A35} = {A2A5FB03-1DD5-41A1-8D6C-9863B8837478}
		{F35C16E4-E350-4EE4-8645-C6C90400FD74} = {B04E6FF1-FBAC-41D3-99F1-DD938E80B0BF}
		{F7EE2D01-9120-4ABB-B258-48186EBD584C} = {F5A6A326-F457-4BA4-B289-A8546E664A35}
		{815AD589-12CD-49AC-AC10-A6B3D94ABF43} = {F5A6A326-F457-4BA4-B289-A8546E664A35}
		{11394D42-CF18-4FD6-BF43-24B4D7909723} = {F5A6A326-F457-4BA4-B289-A8546E664A35}
		{11C98C91-AA8E-4C47-9FEA-94920DA7AC0A} = {F5A6A326-F457-4BA4-B289-A8546E664A35}
		{2EEE7AC2-BE28-4CD2-BFDF-880C6653F70B} = {A2A5FB03-1DD5-41A1-8D6C-9863B8837478}
		{B0289D90-E5D0-47F9-9317-1864B7A1643A} = {2EEE7AC2-BE28-4CD2-BFDF-880C6653F70B}
		{E9814419-63AB-4654-89FA-7D00EC07201C} = {2EEE7AC2-BE28-4CD2-BFDF-880C6653F70B}
		{58E889A9-EB27-4AD3-A462-BBB23B62BE8A} = {2EEE7AC2-BE28-4CD2-BFDF-880C6653F70B}
		{262907FC-4CE0-4F60-A084-F3F72BF5307C} = {2EEE7AC2-BE28-4CD2-BFDF-880C6653F70B}
		{7C16E9EE-553F-400D-8587-D8B823C64E17} = {A2A5FB03-1DD5-41A1-8D6C-9863B8837478}
		{46B1861D-8669-4644-83A3-BB182EB4236C} = {7C16E9EE-553F-400D-8587-D8B823C64E17}
		{B04E6FF1-FBAC-41D3-99F1-DD938E80B0BF} = {A2A5FB03-1DD5-41A1-8D6C-9863B8837478}
		{1BF15546-975B-4D41-8477-15B688C8BB07} = {A94248FA-4981-426A-BC12-A9D3261E6A2D}
		{29FD84C6-0CB2-413B-879F-01566475203B} = {701DD8C3-ECB0-4A01-9ABE-25A4F38F0DAD}
		{D1B60395-F23E-4F55-9169-05D8D3403704} = {F7351409-D1FC-48C9-A663-F71B0CE03B33}
		{701DD8C3-ECB0-4A01-9ABE-25A4F38F0DAD} = {1BF15546-975B-4D41-8477-15B688C8BB07}
		{F7351409-D1FC-48C9-A663-F71B0CE03B33} = {1BF15546-975B-4D41-8477-15B688C8BB07}
		{15881293-21FD-4E51-8C7E-5F083F5A0EDE} = {A2A5FB03-1DD5-41A1-8D6C-9863B8837478}
		{43ED0BC3-9301-4327-A5E6-AEE0879CCF34} = {15881293-21FD-4E51-8C7E-5F083F5A0EDE}
		{72181A9C-0EE8-4B21-9B3F-2CCFA969D027} = {A2A5FB03-1DD5-41A1-8D6C-9863B8837478}
		{79F19A8D-6611-4D96-AFDE-8768B11A5B66} = {72181A9C-0EE8-4B21-9B3F-2CCFA969D027}
		{F36E2F4C-EED3-47ED-AF47-40CE788A9D29} = {C5D7A33C-9EE3-4F3E-8B24-9F9F89BD642F}
		{C5D7A33C-9EE3-4F3E-8B24-9F9F89BD642F} = {1BF15546-975B-4D41-8477-15B688C8BB07}
		{28F977E7-ACA5-4CED-9C28-9D4E93BB3B67} = {A94248FA-4981-426A-BC12-A9D3261E6A2D}
		{C3860820-9475-4794-8591-EE1C3D48BED6} = {28F977E7-ACA5-4CED-9C28-9D4E93BB3B67}
		{0C988709-8EF4-4803-866E-F604D7266AB3} = {4BE4862A-D3DB-41AC-BF27-3264EBB45E1E}
		{8F5595D1-6F55-4A35-903A-E07F3D276B0B} = {1BF15546-975B-4D41-8477-15B688C8BB07}
		{4BE4A089-7B79-496E-B759-E76C551ECA46} = {8F5595D1-6F55-4A35-903A-E07F3D276B0B}
		{54142E8A-B071-4EEA-B1B9-C5B9A01367FA} = {1BF15546-975B-4D41-8477-15B688C8BB07}
		{5F5B6AD8-49BA-464B-A3DC-CA52051F73BC} = {54142E8A-B071-4EEA-B1B9-C5B9A01367FA}
		{BECCAD35-506E-4EFD-8F53-59B56C012BAB} = {F7351409-D1FC-48C9-A663-F71B0CE03B33}
		{9A707845-C9C7-4076-A679-2660C8E944F0} = {F7351409-D1FC-48C9-A663-F71B0CE03B33}
		{B1C6A2F5-C2C9-4B14-935E-50F12624641B} = {F7351409-D1FC-48C9-A663-F71B0CE03B33}
	EndGlobalSection
	GlobalSection(ExtensibilityGlobals) = postSolution
		SolutionGuid = {848A472E-7567-47EF-B122-B016D364DC30}
	EndGlobalSection
EndGlobal
