
Microsoft Visual Studio Solution File, Format Version 12.00
# Visual Studio 15
VisualStudioVersion = 15.0.27428.2005
MinimumVisualStudioVersion = 10.0.40219.1
Project("{FAE04EC0-301F-11D3-BF4B-00C04F79EFBC}") = "Enterprise.Library.EventBus", "Enterprise.Library.EventBus\Enterprise.Library.EventBus.csproj", "{8DCCC118-47D8-4527-9481-39E785176041}"
EndProject
Global
	GlobalSection(SolutionConfigurationPlatforms) = preSolution
		Debug|Any CPU = Debug|Any CPU
		Release|Any CPU = Release|Any CPU
	EndGlobalSection
	GlobalSection(ProjectConfigurationPlatforms) = postSolution
		{8DCCC118-47D8-4527-9481-39E785176041}.Debug|Any CPU.ActiveCfg = Debug|Any CPU
		{8DCCC118-47D8-4527-9481-39E785176041}.Debug|Any CPU.Build.0 = Debug|Any CPU
		{8DCCC118-47D8-4527-9481-39E785176041}.Release|Any CPU.ActiveCfg = Release|Any CPU
		{8DCCC118-47D8-4527-9481-39E785176041}.Release|Any CPU.Build.0 = Release|Any CPU
	EndGlobalSection
	GlobalSection(SolutionProperties) = preSolution
		HideSolutionNode = FALSE
	EndGlobalSection
	GlobalSection(ExtensibilityGlobals) = postSolution
		SolutionGuid = {ED04AAEB-893E-43FD-8BD4-88B291A037B0}
	EndGlobalSection
EndGlobal
