
Microsoft Visual Studio Solution File, Format Version 12.00
# Visual Studio 15
VisualStudioVersion = 15.0.27130.2036
MinimumVisualStudioVersion = 10.0.40219.1
Project("{2150E333-8FDC-42A3-9474-1A3956D46DE8}") = "src", "src", "{56D81872-1C66-43A0-85CF-84233CCD2C6E}"
EndProject
Project("{2150E333-8FDC-42A3-9474-1A3956D46DE8}") = "tests", "tests", "{F70F6307-6818-4B22-87D7-CC0EBD62361A}"
EndProject
Project("{9A19103F-16F7-4668-BE54-9A1E7A4F7556}") = "Enterprise.Library.EventBus.Tests", "tests\Enterprise.Library.EventBus.Tests\Enterprise.Library.EventBus.Tests.csproj", "{5D2A8A6A-CC63-49F6-BEF3-951BB13B6C25}"
EndProject
Project("{2150E333-8FDC-42A3-9474-1A3956D46DE8}") = "common", "common", "{DF3E9DC0-5F66-4D4E-92AE-D92762C0CCDE}"
	ProjectSection(SolutionItems) = preProject
		src\HealthChecks\common\Guard.cs = src\HealthChecks\common\Guard.cs
	EndProjectSection
EndProject
Project("{2150E333-8FDC-42A3-9474-1A3956D46DE8}") = "HealthChecks", "HealthChecks", "{D3085BF0-8E84-4D13-8AAF-942B8B71277E}"
EndProject
Project("{9A19103F-16F7-4668-BE54-9A1E7A4F7556}") = "Enterprise.Extensions.HealthChecks", "src\HealthChecks\Enterprise.Extensions.HealthChecks\Enterprise.Extensions.HealthChecks.csproj", "{3A804297-F070-463E-B080-CD1C2829EBE8}"
EndProject
Project("{9A19103F-16F7-4668-BE54-9A1E7A4F7556}") = "Enterprise.Extensions.HealthChecks.SqlServer", "src\HealthChecks\Enterprise.Extensions.HealthChecks.SqlServer\Enterprise.Extensions.HealthChecks.SqlServer.csproj", "{A58F3200-B265-452C-90B9-FD47E06EBDEF}"
EndProject
Project("{9A19103F-16F7-4668-BE54-9A1E7A4F7556}") = "Enterprise.Extensions.HealthChecks.AzureStorage", "src\HealthChecks\Enterprise.Extensions.HealthChecks.AzureStorage\Enterprise.Extensions.HealthChecks.AzureStorage.csproj", "{1207B50A-9E4B-4BB4-97D4-E73799256A98}"
EndProject
Project("{9A19103F-16F7-4668-BE54-9A1E7A4F7556}") = "Enterprise.Library.HealthChecks", "src\HealthChecks\Enterprise.Library.HealthChecks\Enterprise.Library.HealthChecks.csproj", "{94395694-52F1-4F14-A384-F2862DDEBD85}"
EndProject
Project("{2150E333-8FDC-42A3-9474-1A3956D46DE8}") = "EventBus", "EventBus", "{B3FBF6DC-FB4D-47CB-95F0-7F94550520B9}"
EndProject
Project("{9A19103F-16F7-4668-BE54-9A1E7A4F7556}") = "Enterprise.Library.EventBus", "src\EventBus\Enterprise.Library.EventBus\Enterprise.Library.EventBus.csproj", "{EBF7A4C5-716C-43B8-A7F3-6D0BEDDF476D}"
EndProject
Project("{9A19103F-16F7-4668-BE54-9A1E7A4F7556}") = "Enterprise.Library.EventBus.RabbitMQ", "src\EventBus\Enterprise.Library.EventBus.RabbitMQ\Enterprise.Library.EventBus.RabbitMQ.csproj", "{DECEDD85-C03A-4B38-8A19-D3BB123DF569}"
EndProject
Project("{9A19103F-16F7-4668-BE54-9A1E7A4F7556}") = "Enterprise.Library.IntegrationEventLog", "src\EventBus\Enterprise.Library.IntegrationEventLog\Enterprise.Library.IntegrationEventLog.csproj", "{E69D5854-7427-4576-BA82-4C53286DAA5E}"
EndProject
Project("{2150E333-8FDC-42A3-9474-1A3956D46DE8}") = "CommandBus", "CommandBus", "{7D2F9516-3590-47CC-A7AC-EE1B43E4C540}"
EndProject
Project("{9A19103F-16F7-4668-BE54-9A1E7A4F7556}") = "Enterprise.Library.CommandBus", "src\CommandBus\Enterprise.Library.CommandBus\Enterprise.Library.CommandBus.csproj", "{190FAC1F-384B-4CC3-9E60-08E3525C95C2}"
EndProject
Project("{2150E333-8FDC-42A3-9474-1A3956D46DE8}") = "FileUtility", "FileUtility", "{937CBA14-2769-4E51-9DCE-CFC76A2B91B1}"
EndProject
Project("{9A19103F-16F7-4668-BE54-9A1E7A4F7556}") = "Enterprise.Library.FileUtility", "src\FileUtility\Enterprise.Library.FileUtility\Enterprise.Library.FileUtility.csproj", "{F6DEBE88-9202-49B6-A5A8-D55D463A6701}"
EndProject
Project("{9A19103F-16F7-4668-BE54-9A1E7A4F7556}") = "Enterprise.Library.FileUtility.Tests", "tests\Enterprise.Library.FileUtility.Tests\Enterprise.Library.FileUtility.Tests.csproj", "{7B9B7244-E2D6-491E-98D4-CFDF31A8955B}"
EndProject
Project("{2150E333-8FDC-42A3-9474-1A3956D46DE8}") = "Abstraction", "Abstraction", "{14E3254C-1780-4F79-AE0E-49FC308F3770}"
EndProject
Project("{9A19103F-16F7-4668-BE54-9A1E7A4F7556}") = "Enterprise.Abstraction", "src\Abstraction\Enterprise.Abstraction\Enterprise.Abstraction.csproj", "{CE0831AF-BA43-467B-BA2C-9504AFF475D9}"
EndProject
Project("{2150E333-8FDC-42A3-9474-1A3956D46DE8}") = "WebHostCustomization", "WebHostCustomization", "{378E5D27-BE84-4B1B-8FD9-1466887C3828}"
EndProject
Project("{9A19103F-16F7-4668-BE54-9A1E7A4F7556}") = "WebHost.Customization", "src\WebHostCustomization\WebHost.Customization\WebHost.Customization.csproj", "{D9D9B273-7421-48FA-A6DC-F39865C4A8AB}"
EndProject
Global
	GlobalSection(SolutionConfigurationPlatforms) = preSolution
		Debug|Any CPU = Debug|Any CPU
		Release|Any CPU = Release|Any CPU
	EndGlobalSection
	GlobalSection(ProjectConfigurationPlatforms) = postSolution
		{5D2A8A6A-CC63-49F6-BEF3-951BB13B6C25}.Debug|Any CPU.ActiveCfg = Debug|Any CPU
		{5D2A8A6A-CC63-49F6-BEF3-951BB13B6C25}.Debug|Any CPU.Build.0 = Debug|Any CPU
		{5D2A8A6A-CC63-49F6-BEF3-951BB13B6C25}.Release|Any CPU.ActiveCfg = Release|Any CPU
		{5D2A8A6A-CC63-49F6-BEF3-951BB13B6C25}.Release|Any CPU.Build.0 = Release|Any CPU
		{3A804297-F070-463E-B080-CD1C2829EBE8}.Debug|Any CPU.ActiveCfg = Debug|Any CPU
		{3A804297-F070-463E-B080-CD1C2829EBE8}.Debug|Any CPU.Build.0 = Debug|Any CPU
		{3A804297-F070-463E-B080-CD1C2829EBE8}.Release|Any CPU.ActiveCfg = Release|Any CPU
		{3A804297-F070-463E-B080-CD1C2829EBE8}.Release|Any CPU.Build.0 = Release|Any CPU
		{A58F3200-B265-452C-90B9-FD47E06EBDEF}.Debug|Any CPU.ActiveCfg = Debug|Any CPU
		{A58F3200-B265-452C-90B9-FD47E06EBDEF}.Debug|Any CPU.Build.0 = Debug|Any CPU
		{A58F3200-B265-452C-90B9-FD47E06EBDEF}.Release|Any CPU.ActiveCfg = Release|Any CPU
		{A58F3200-B265-452C-90B9-FD47E06EBDEF}.Release|Any CPU.Build.0 = Release|Any CPU
		{1207B50A-9E4B-4BB4-97D4-E73799256A98}.Debug|Any CPU.ActiveCfg = Debug|Any CPU
		{1207B50A-9E4B-4BB4-97D4-E73799256A98}.Debug|Any CPU.Build.0 = Debug|Any CPU
		{1207B50A-9E4B-4BB4-97D4-E73799256A98}.Release|Any CPU.ActiveCfg = Release|Any CPU
		{1207B50A-9E4B-4BB4-97D4-E73799256A98}.Release|Any CPU.Build.0 = Release|Any CPU
		{94395694-52F1-4F14-A384-F2862DDEBD85}.Debug|Any CPU.ActiveCfg = Debug|Any CPU
		{94395694-52F1-4F14-A384-F2862DDEBD85}.Debug|Any CPU.Build.0 = Debug|Any CPU
		{94395694-52F1-4F14-A384-F2862DDEBD85}.Release|Any CPU.ActiveCfg = Release|Any CPU
		{94395694-52F1-4F14-A384-F2862DDEBD85}.Release|Any CPU.Build.0 = Release|Any CPU
		{EBF7A4C5-716C-43B8-A7F3-6D0BEDDF476D}.Debug|Any CPU.ActiveCfg = Debug|Any CPU
		{EBF7A4C5-716C-43B8-A7F3-6D0BEDDF476D}.Debug|Any CPU.Build.0 = Debug|Any CPU
		{EBF7A4C5-716C-43B8-A7F3-6D0BEDDF476D}.Release|Any CPU.ActiveCfg = Release|Any CPU
		{EBF7A4C5-716C-43B8-A7F3-6D0BEDDF476D}.Release|Any CPU.Build.0 = Release|Any CPU
		{DECEDD85-C03A-4B38-8A19-D3BB123DF569}.Debug|Any CPU.ActiveCfg = Debug|Any CPU
		{DECEDD85-C03A-4B38-8A19-D3BB123DF569}.Debug|Any CPU.Build.0 = Debug|Any CPU
		{DECEDD85-C03A-4B38-8A19-D3BB123DF569}.Release|Any CPU.ActiveCfg = Release|Any CPU
		{DECEDD85-C03A-4B38-8A19-D3BB123DF569}.Release|Any CPU.Build.0 = Release|Any CPU
		{E69D5854-7427-4576-BA82-4C53286DAA5E}.Debug|Any CPU.ActiveCfg = Debug|Any CPU
		{E69D5854-7427-4576-BA82-4C53286DAA5E}.Debug|Any CPU.Build.0 = Debug|Any CPU
		{E69D5854-7427-4576-BA82-4C53286DAA5E}.Release|Any CPU.ActiveCfg = Release|Any CPU
		{E69D5854-7427-4576-BA82-4C53286DAA5E}.Release|Any CPU.Build.0 = Release|Any CPU
		{190FAC1F-384B-4CC3-9E60-08E3525C95C2}.Debug|Any CPU.ActiveCfg = Debug|Any CPU
		{190FAC1F-384B-4CC3-9E60-08E3525C95C2}.Debug|Any CPU.Build.0 = Debug|Any CPU
		{190FAC1F-384B-4CC3-9E60-08E3525C95C2}.Release|Any CPU.ActiveCfg = Release|Any CPU
		{190FAC1F-384B-4CC3-9E60-08E3525C95C2}.Release|Any CPU.Build.0 = Release|Any CPU
		{F6DEBE88-9202-49B6-A5A8-D55D463A6701}.Debug|Any CPU.ActiveCfg = Debug|Any CPU
		{F6DEBE88-9202-49B6-A5A8-D55D463A6701}.Debug|Any CPU.Build.0 = Debug|Any CPU
		{F6DEBE88-9202-49B6-A5A8-D55D463A6701}.Release|Any CPU.ActiveCfg = Release|Any CPU
		{F6DEBE88-9202-49B6-A5A8-D55D463A6701}.Release|Any CPU.Build.0 = Release|Any CPU
		{7B9B7244-E2D6-491E-98D4-CFDF31A8955B}.Debug|Any CPU.ActiveCfg = Debug|Any CPU
		{7B9B7244-E2D6-491E-98D4-CFDF31A8955B}.Debug|Any CPU.Build.0 = Debug|Any CPU
		{7B9B7244-E2D6-491E-98D4-CFDF31A8955B}.Release|Any CPU.ActiveCfg = Release|Any CPU
		{7B9B7244-E2D6-491E-98D4-CFDF31A8955B}.Release|Any CPU.Build.0 = Release|Any CPU
		{CE0831AF-BA43-467B-BA2C-9504AFF475D9}.Debug|Any CPU.ActiveCfg = Debug|Any CPU
		{CE0831AF-BA43-467B-BA2C-9504AFF475D9}.Debug|Any CPU.Build.0 = Debug|Any CPU
		{CE0831AF-BA43-467B-BA2C-9504AFF475D9}.Release|Any CPU.ActiveCfg = Release|Any CPU
		{CE0831AF-BA43-467B-BA2C-9504AFF475D9}.Release|Any CPU.Build.0 = Release|Any CPU
		{D9D9B273-7421-48FA-A6DC-F39865C4A8AB}.Debug|Any CPU.ActiveCfg = Debug|Any CPU
		{D9D9B273-7421-48FA-A6DC-F39865C4A8AB}.Debug|Any CPU.Build.0 = Debug|Any CPU
		{D9D9B273-7421-48FA-A6DC-F39865C4A8AB}.Release|Any CPU.ActiveCfg = Release|Any CPU
		{D9D9B273-7421-48FA-A6DC-F39865C4A8AB}.Release|Any CPU.Build.0 = Release|Any CPU
	EndGlobalSection
	GlobalSection(SolutionProperties) = preSolution
		HideSolutionNode = FALSE
	EndGlobalSection
	GlobalSection(NestedProjects) = preSolution
		{5D2A8A6A-CC63-49F6-BEF3-951BB13B6C25} = {F70F6307-6818-4B22-87D7-CC0EBD62361A}
		{DF3E9DC0-5F66-4D4E-92AE-D92762C0CCDE} = {D3085BF0-8E84-4D13-8AAF-942B8B71277E}
		{D3085BF0-8E84-4D13-8AAF-942B8B71277E} = {56D81872-1C66-43A0-85CF-84233CCD2C6E}
		{3A804297-F070-463E-B080-CD1C2829EBE8} = {D3085BF0-8E84-4D13-8AAF-942B8B71277E}
		{A58F3200-B265-452C-90B9-FD47E06EBDEF} = {D3085BF0-8E84-4D13-8AAF-942B8B71277E}
		{1207B50A-9E4B-4BB4-97D4-E73799256A98} = {D3085BF0-8E84-4D13-8AAF-942B8B71277E}
		{94395694-52F1-4F14-A384-F2862DDEBD85} = {D3085BF0-8E84-4D13-8AAF-942B8B71277E}
		{B3FBF6DC-FB4D-47CB-95F0-7F94550520B9} = {56D81872-1C66-43A0-85CF-84233CCD2C6E}
		{EBF7A4C5-716C-43B8-A7F3-6D0BEDDF476D} = {B3FBF6DC-FB4D-47CB-95F0-7F94550520B9}
		{DECEDD85-C03A-4B38-8A19-D3BB123DF569} = {B3FBF6DC-FB4D-47CB-95F0-7F94550520B9}
		{E69D5854-7427-4576-BA82-4C53286DAA5E} = {B3FBF6DC-FB4D-47CB-95F0-7F94550520B9}
		{7D2F9516-3590-47CC-A7AC-EE1B43E4C540} = {56D81872-1C66-43A0-85CF-84233CCD2C6E}
		{190FAC1F-384B-4CC3-9E60-08E3525C95C2} = {7D2F9516-3590-47CC-A7AC-EE1B43E4C540}
		{937CBA14-2769-4E51-9DCE-CFC76A2B91B1} = {56D81872-1C66-43A0-85CF-84233CCD2C6E}
		{F6DEBE88-9202-49B6-A5A8-D55D463A6701} = {937CBA14-2769-4E51-9DCE-CFC76A2B91B1}
		{7B9B7244-E2D6-491E-98D4-CFDF31A8955B} = {F70F6307-6818-4B22-87D7-CC0EBD62361A}
		{14E3254C-1780-4F79-AE0E-49FC308F3770} = {56D81872-1C66-43A0-85CF-84233CCD2C6E}
		{CE0831AF-BA43-467B-BA2C-9504AFF475D9} = {14E3254C-1780-4F79-AE0E-49FC308F3770}
		{378E5D27-BE84-4B1B-8FD9-1466887C3828} = {56D81872-1C66-43A0-85CF-84233CCD2C6E}
		{D9D9B273-7421-48FA-A6DC-F39865C4A8AB} = {378E5D27-BE84-4B1B-8FD9-1466887C3828}
	EndGlobalSection
	GlobalSection(ExtensibilityGlobals) = postSolution
		SolutionGuid = {ED04AAEB-893E-43FD-8BD4-88B291A037B0}
	EndGlobalSection
EndGlobal
