
Microsoft Visual Studio Solution File, Format Version 12.00
# Visual Studio 15
VisualStudioVersion = 15.0.27130.2036
MinimumVisualStudioVersion = 10.0.40219.1
Project("{E53339B2-1760-4266-BCC7-CA923CBCF16C}") = "docker-compose", "docker-compose.dcproj", "{98D4FF1F-2EC3-4C7D-B045-334017B6FC75}"
EndProject
Project("{2150E333-8FDC-42A3-9474-1A3956D46DE8}") = "src", "src", "{A94248FA-4981-426A-BC12-A9D3261E6A2D}"
EndProject
Project("{2150E333-8FDC-42A3-9474-1A3956D46DE8}") = "Libraries", "Libraries", "{A2A5FB03-1DD5-41A1-8D6C-9863B8837478}"
EndProject
Project("{2150E333-8FDC-42A3-9474-1A3956D46DE8}") = "HealthChecks", "HealthChecks", "{F5A6A326-F457-4BA4-B289-A8546E664A35}"
EndProject
Project("{2150E333-8FDC-42A3-9474-1A3956D46DE8}") = "EventBus", "EventBus", "{2EEE7AC2-BE28-4CD2-BFDF-880C6653F70B}"
EndProject
Project("{2150E333-8FDC-42A3-9474-1A3956D46DE8}") = "CommandBus", "CommandBus", "{7C16E9EE-553F-400D-8587-D8B823C64E17}"
EndProject
Project("{2150E333-8FDC-42A3-9474-1A3956D46DE8}") = "FileUtility", "FileUtility", "{B04E6FF1-FBAC-41D3-99F1-DD938E80B0BF}"
EndProject
Project("{2150E333-8FDC-42A3-9474-1A3956D46DE8}") = "Services", "Services", "{1BF15546-975B-4D41-8477-15B688C8BB07}"
EndProject
Project("{2150E333-8FDC-42A3-9474-1A3956D46DE8}") = "Solution Items", "Solution Items", "{F7273ED8-F750-4BCC-8BFD-1B2603EFEFB4}"
	ProjectSection(SolutionItems) = preProject
		.env = .env
	EndProjectSection
EndProject
Project("{2150E333-8FDC-42A3-9474-1A3956D46DE8}") = "Catalog", "Catalog", "{701DD8C3-ECB0-4A01-9ABE-25A4F38F0DAD}"
EndProject
Project("{2150E333-8FDC-42A3-9474-1A3956D46DE8}") = "Order", "Order", "{F7351409-D1FC-48C9-A663-F71B0CE03B33}"
EndProject
Project("{2150E333-8FDC-42A3-9474-1A3956D46DE8}") = "tests", "tests", "{D7CE7A34-6B26-4943-978E-BB8D46A56C43}"
EndProject
Project("{2150E333-8FDC-42A3-9474-1A3956D46DE8}") = "WebHostCustomization", "WebHostCustomization", "{15881293-21FD-4E51-8C7E-5F083F5A0EDE}"
EndProject
Project("{2150E333-8FDC-42A3-9474-1A3956D46DE8}") = "integrated-tests", "integrated-tests", "{4BE4862A-D3DB-41AC-BF27-3264EBB45E1E}"
EndProject
Project("{2150E333-8FDC-42A3-9474-1A3956D46DE8}") = "Abstraction", "Abstraction", "{72181A9C-0EE8-4B21-9B3F-2CCFA969D027}"
EndProject
Project("{2150E333-8FDC-42A3-9474-1A3956D46DE8}") = "Identity", "Identity", "{C5D7A33C-9EE3-4F3E-8B24-9F9F89BD642F}"
EndProject
Project("{2150E333-8FDC-42A3-9474-1A3956D46DE8}") = "Web", "Web", "{28F977E7-ACA5-4CED-9C28-9D4E93BB3B67}"
EndProject
Project("{9A19103F-16F7-4668-BE54-9A1E7A4F7556}") = "Catalog.API.IntegrationTests", "integration-tests\Catalog.API.IntegrationTests\Catalog.API.IntegrationTests.csproj", "{0C988709-8EF4-4803-866E-F604D7266AB3}"
EndProject
Project("{2150E333-8FDC-42A3-9474-1A3956D46DE8}") = "Basket", "Basket", "{8F5595D1-6F55-4A35-903A-E07F3D276B0B}"
EndProject
Project("{2150E333-8FDC-42A3-9474-1A3956D46DE8}") = "Payment", "Payment", "{54142E8A-B071-4EEA-B1B9-C5B9A01367FA}"
EndProject
Project("{9A19103F-16F7-4668-BE54-9A1E7A4F7556}") = "Catalog.API", "src\Commerce\Catalog\Catalog.API\Catalog.API.csproj", "{3B74A4A2-2E8F-433E-B832-9D0766BE65FF}"
EndProject
Project("{9A19103F-16F7-4668-BE54-9A1E7A4F7556}") = "Enterprise.Abstraction", "src\Library\Abstraction\Enterprise.Abstraction\Enterprise.Abstraction.csproj", "{3B87D3D4-C58C-4742-B567-CB8D6D54C40A}"
EndProject
Project("{9A19103F-16F7-4668-BE54-9A1E7A4F7556}") = "Enterprise.Library.EventBus", "src\Library\EventBus\Enterprise.Library.EventBus\Enterprise.Library.EventBus.csproj", "{35ECA7A4-B287-4018-95FF-FF24920CC274}"
EndProject
Project("{9A19103F-16F7-4668-BE54-9A1E7A4F7556}") = "Enterprise.Library.EventBus.RabbitMQ", "src\Library\EventBus\Enterprise.Library.EventBus.RabbitMQ\Enterprise.Library.EventBus.RabbitMQ.csproj", "{1E8C1C5D-6A37-4DF0-9823-1EC6197BF3D3}"
EndProject
Project("{9A19103F-16F7-4668-BE54-9A1E7A4F7556}") = "Enterprise.Library.IntegrationEventLog", "src\Library\EventBus\Enterprise.Library.IntegrationEventLog\Enterprise.Library.IntegrationEventLog.csproj", "{DBA37203-B906-4710-85B4-BCA8DF3A658B}"
EndProject
Project("{9A19103F-16F7-4668-BE54-9A1E7A4F7556}") = "Enterprise.Library.EventBus.ServiceBus", "src\Library\EventBus\Enterprise.Library.EventBus.ServiceBus\Enterprise.Library.EventBus.ServiceBus.csproj", "{8EC272A6-1D7A-40AE-837C-3988C7BB3F8E}"
EndProject
Project("{9A19103F-16F7-4668-BE54-9A1E7A4F7556}") = "Enterprise.Library.FileUtility", "src\Library\FileUtility\Enterprise.Library.FileUtility\Enterprise.Library.FileUtility.csproj", "{7CFD3E2E-0AFE-4BEB-8C11-E2ECADECFDF3}"
EndProject
Project("{9A19103F-16F7-4668-BE54-9A1E7A4F7556}") = "Enterprise.Extensions.HealthChecks", "src\Library\HealthChecks\Enterprise.Extensions.HealthChecks\Enterprise.Extensions.HealthChecks.csproj", "{C9F981CF-2D0E-4CC6-A742-EB2A1FB035AD}"
EndProject
Project("{9A19103F-16F7-4668-BE54-9A1E7A4F7556}") = "Enterprise.Extensions.HealthChecks.SqlServer", "src\Library\HealthChecks\Enterprise.Extensions.HealthChecks.SqlServer\Enterprise.Extensions.HealthChecks.SqlServer.csproj", "{C4E60EB4-E379-4AD3-8A6A-CFF8552B91C0}"
EndProject
Project("{9A19103F-16F7-4668-BE54-9A1E7A4F7556}") = "Enterprise.Library.HealthChecks", "src\Library\HealthChecks\Enterprise.Library.HealthChecks\Enterprise.Library.HealthChecks.csproj", "{71A1219B-FB45-44E4-9172-18358D9810D7}"
EndProject
Project("{9A19103F-16F7-4668-BE54-9A1E7A4F7556}") = "WebHost.Customization", "src\Library\WebHostCustomization\WebHost.Customization\WebHost.Customization.csproj", "{D3A19E54-2101-4111-A44C-046E5E700CDB}"
EndProject
Project("{9A19103F-16F7-4668-BE54-9A1E7A4F7556}") = "Enterprise.Library.CommandBus", "src\Library\CommandBus\Enterprise.Library.CommandBus\Enterprise.Library.CommandBus.csproj", "{6CE65E56-0509-4F3A-A3EC-D8D0F882F5EF}"
EndProject
Project("{9A19103F-16F7-4668-BE54-9A1E7A4F7556}") = "Enterprise.Extensions.HealthChecks.AzureStorage", "src\Library\HealthChecks\Enterprise.Extensions.HealthChecks.AzureStorage\Enterprise.Extensions.HealthChecks.AzureStorage.csproj", "{BF9BD936-E23B-441C-B440-DC5E9BC1C852}"
EndProject
Project("{9A19103F-16F7-4668-BE54-9A1E7A4F7556}") = "Basket.API", "src\Commerce\Basket\Basket.API\Basket.API.csproj", "{F07530A9-7BFB-4BCF-8801-B851ECABACD2}"
EndProject
Project("{9A19103F-16F7-4668-BE54-9A1E7A4F7556}") = "Identity.API", "src\Identity\Identity.API\Identity.API.csproj", "{F35C0A12-229D-4D29-90F4-93D3508564D6}"
EndProject
Project("{9A19103F-16F7-4668-BE54-9A1E7A4F7556}") = "Order.API", "src\Commerce\Order\Order.API\Order.API.csproj", "{44B1325E-D2DE-40DC-853B-3B1AA47A5FA4}"
EndProject
Project("{9A19103F-16F7-4668-BE54-9A1E7A4F7556}") = "Order.BackgroundTasks", "src\Commerce\Order\Order.BackgroundTasks\Order.BackgroundTasks.csproj", "{C82B9F7E-19B5-479E-AA50-B6D266E4DB67}"
EndProject
Project("{9A19103F-16F7-4668-BE54-9A1E7A4F7556}") = "Order.Domain", "src\Commerce\Order\Order.Domain\Order.Domain.csproj", "{983BF121-A171-4EA0-A7C8-05FAB327E230}"
EndProject
Project("{9A19103F-16F7-4668-BE54-9A1E7A4F7556}") = "Order.Infrastructure", "src\Commerce\Order\Order.Infrastructure\Order.Infrastructure.csproj", "{18C29026-1AFF-41F5-BBE1-8E316C258B97}"
EndProject
Project("{9A19103F-16F7-4668-BE54-9A1E7A4F7556}") = "Payment.API", "src\Commerce\Payment\Payment.API\Payment.API.csproj", "{4AE95A54-4562-4B5C-9830-145B338555B6}"
EndProject
Project("{9A19103F-16F7-4668-BE54-9A1E7A4F7556}") = "WebStatus", "src\HealthCheck\WebStatus\WebStatus.csproj", "{153E922E-7BB8-401D-8697-CCFF8504D13D}"
EndProject
Project("{9A19103F-16F7-4668-BE54-9A1E7A4F7556}") = "Enterprise.Library.EventBus.Tests", "tests\Enterprise.Library.EventBus.Tests\Enterprise.Library.EventBus.Tests.csproj", "{8F6664EF-694A-4274-B0F0-4A031DAD2104}"
EndProject
Project("{2150E333-8FDC-42A3-9474-1A3956D46DE8}") = "Services", "Services", "{E2F6C720-CEF9-4F10-8E32-DF36A2A67474}"
EndProject
Global
	GlobalSection(SolutionConfigurationPlatforms) = preSolution
		Debug|Any CPU = Debug|Any CPU
		Release|Any CPU = Release|Any CPU
	EndGlobalSection
	GlobalSection(ProjectConfigurationPlatforms) = postSolution
		{98D4FF1F-2EC3-4C7D-B045-334017B6FC75}.Debug|Any CPU.ActiveCfg = Debug|Any CPU
		{98D4FF1F-2EC3-4C7D-B045-334017B6FC75}.Debug|Any CPU.Build.0 = Debug|Any CPU
		{98D4FF1F-2EC3-4C7D-B045-334017B6FC75}.Release|Any CPU.ActiveCfg = Release|Any CPU
		{98D4FF1F-2EC3-4C7D-B045-334017B6FC75}.Release|Any CPU.Build.0 = Release|Any CPU
		{0C988709-8EF4-4803-866E-F604D7266AB3}.Debug|Any CPU.ActiveCfg = Debug|Any CPU
		{0C988709-8EF4-4803-866E-F604D7266AB3}.Debug|Any CPU.Build.0 = Debug|Any CPU
		{0C988709-8EF4-4803-866E-F604D7266AB3}.Release|Any CPU.ActiveCfg = Release|Any CPU
		{0C988709-8EF4-4803-866E-F604D7266AB3}.Release|Any CPU.Build.0 = Release|Any CPU
		{3B74A4A2-2E8F-433E-B832-9D0766BE65FF}.Debug|Any CPU.ActiveCfg = Debug|Any CPU
		{3B74A4A2-2E8F-433E-B832-9D0766BE65FF}.Debug|Any CPU.Build.0 = Debug|Any CPU
		{3B74A4A2-2E8F-433E-B832-9D0766BE65FF}.Release|Any CPU.ActiveCfg = Release|Any CPU
		{3B74A4A2-2E8F-433E-B832-9D0766BE65FF}.Release|Any CPU.Build.0 = Release|Any CPU
		{3B87D3D4-C58C-4742-B567-CB8D6D54C40A}.Debug|Any CPU.ActiveCfg = Debug|Any CPU
		{3B87D3D4-C58C-4742-B567-CB8D6D54C40A}.Debug|Any CPU.Build.0 = Debug|Any CPU
		{3B87D3D4-C58C-4742-B567-CB8D6D54C40A}.Release|Any CPU.ActiveCfg = Release|Any CPU
		{3B87D3D4-C58C-4742-B567-CB8D6D54C40A}.Release|Any CPU.Build.0 = Release|Any CPU
		{35ECA7A4-B287-4018-95FF-FF24920CC274}.Debug|Any CPU.ActiveCfg = Debug|Any CPU
		{35ECA7A4-B287-4018-95FF-FF24920CC274}.Debug|Any CPU.Build.0 = Debug|Any CPU
		{35ECA7A4-B287-4018-95FF-FF24920CC274}.Release|Any CPU.ActiveCfg = Release|Any CPU
		{35ECA7A4-B287-4018-95FF-FF24920CC274}.Release|Any CPU.Build.0 = Release|Any CPU
		{1E8C1C5D-6A37-4DF0-9823-1EC6197BF3D3}.Debug|Any CPU.ActiveCfg = Debug|Any CPU
		{1E8C1C5D-6A37-4DF0-9823-1EC6197BF3D3}.Debug|Any CPU.Build.0 = Debug|Any CPU
		{1E8C1C5D-6A37-4DF0-9823-1EC6197BF3D3}.Release|Any CPU.ActiveCfg = Release|Any CPU
		{1E8C1C5D-6A37-4DF0-9823-1EC6197BF3D3}.Release|Any CPU.Build.0 = Release|Any CPU
		{DBA37203-B906-4710-85B4-BCA8DF3A658B}.Debug|Any CPU.ActiveCfg = Debug|Any CPU
		{DBA37203-B906-4710-85B4-BCA8DF3A658B}.Debug|Any CPU.Build.0 = Debug|Any CPU
		{DBA37203-B906-4710-85B4-BCA8DF3A658B}.Release|Any CPU.ActiveCfg = Release|Any CPU
		{DBA37203-B906-4710-85B4-BCA8DF3A658B}.Release|Any CPU.Build.0 = Release|Any CPU
		{8EC272A6-1D7A-40AE-837C-3988C7BB3F8E}.Debug|Any CPU.ActiveCfg = Debug|Any CPU
		{8EC272A6-1D7A-40AE-837C-3988C7BB3F8E}.Debug|Any CPU.Build.0 = Debug|Any CPU
		{8EC272A6-1D7A-40AE-837C-3988C7BB3F8E}.Release|Any CPU.ActiveCfg = Release|Any CPU
		{8EC272A6-1D7A-40AE-837C-3988C7BB3F8E}.Release|Any CPU.Build.0 = Release|Any CPU
		{7CFD3E2E-0AFE-4BEB-8C11-E2ECADECFDF3}.Debug|Any CPU.ActiveCfg = Debug|Any CPU
		{7CFD3E2E-0AFE-4BEB-8C11-E2ECADECFDF3}.Debug|Any CPU.Build.0 = Debug|Any CPU
		{7CFD3E2E-0AFE-4BEB-8C11-E2ECADECFDF3}.Release|Any CPU.ActiveCfg = Release|Any CPU
		{7CFD3E2E-0AFE-4BEB-8C11-E2ECADECFDF3}.Release|Any CPU.Build.0 = Release|Any CPU
		{C9F981CF-2D0E-4CC6-A742-EB2A1FB035AD}.Debug|Any CPU.ActiveCfg = Debug|Any CPU
		{C9F981CF-2D0E-4CC6-A742-EB2A1FB035AD}.Debug|Any CPU.Build.0 = Debug|Any CPU
		{C9F981CF-2D0E-4CC6-A742-EB2A1FB035AD}.Release|Any CPU.ActiveCfg = Release|Any CPU
		{C9F981CF-2D0E-4CC6-A742-EB2A1FB035AD}.Release|Any CPU.Build.0 = Release|Any CPU
		{C4E60EB4-E379-4AD3-8A6A-CFF8552B91C0}.Debug|Any CPU.ActiveCfg = Debug|Any CPU
		{C4E60EB4-E379-4AD3-8A6A-CFF8552B91C0}.Debug|Any CPU.Build.0 = Debug|Any CPU
		{C4E60EB4-E379-4AD3-8A6A-CFF8552B91C0}.Release|Any CPU.ActiveCfg = Release|Any CPU
		{C4E60EB4-E379-4AD3-8A6A-CFF8552B91C0}.Release|Any CPU.Build.0 = Release|Any CPU
		{71A1219B-FB45-44E4-9172-18358D9810D7}.Debug|Any CPU.ActiveCfg = Debug|Any CPU
		{71A1219B-FB45-44E4-9172-18358D9810D7}.Debug|Any CPU.Build.0 = Debug|Any CPU
		{71A1219B-FB45-44E4-9172-18358D9810D7}.Release|Any CPU.ActiveCfg = Release|Any CPU
		{71A1219B-FB45-44E4-9172-18358D9810D7}.Release|Any CPU.Build.0 = Release|Any CPU
		{D3A19E54-2101-4111-A44C-046E5E700CDB}.Debug|Any CPU.ActiveCfg = Debug|Any CPU
		{D3A19E54-2101-4111-A44C-046E5E700CDB}.Debug|Any CPU.Build.0 = Debug|Any CPU
		{D3A19E54-2101-4111-A44C-046E5E700CDB}.Release|Any CPU.ActiveCfg = Release|Any CPU
		{D3A19E54-2101-4111-A44C-046E5E700CDB}.Release|Any CPU.Build.0 = Release|Any CPU
		{6CE65E56-0509-4F3A-A3EC-D8D0F882F5EF}.Debug|Any CPU.ActiveCfg = Debug|Any CPU
		{6CE65E56-0509-4F3A-A3EC-D8D0F882F5EF}.Debug|Any CPU.Build.0 = Debug|Any CPU
		{6CE65E56-0509-4F3A-A3EC-D8D0F882F5EF}.Release|Any CPU.ActiveCfg = Release|Any CPU
		{6CE65E56-0509-4F3A-A3EC-D8D0F882F5EF}.Release|Any CPU.Build.0 = Release|Any CPU
		{BF9BD936-E23B-441C-B440-DC5E9BC1C852}.Debug|Any CPU.ActiveCfg = Debug|Any CPU
		{BF9BD936-E23B-441C-B440-DC5E9BC1C852}.Debug|Any CPU.Build.0 = Debug|Any CPU
		{BF9BD936-E23B-441C-B440-DC5E9BC1C852}.Release|Any CPU.ActiveCfg = Release|Any CPU
		{BF9BD936-E23B-441C-B440-DC5E9BC1C852}.Release|Any CPU.Build.0 = Release|Any CPU
		{F07530A9-7BFB-4BCF-8801-B851ECABACD2}.Debug|Any CPU.ActiveCfg = Debug|Any CPU
		{F07530A9-7BFB-4BCF-8801-B851ECABACD2}.Debug|Any CPU.Build.0 = Debug|Any CPU
		{F07530A9-7BFB-4BCF-8801-B851ECABACD2}.Release|Any CPU.ActiveCfg = Release|Any CPU
		{F07530A9-7BFB-4BCF-8801-B851ECABACD2}.Release|Any CPU.Build.0 = Release|Any CPU
		{F35C0A12-229D-4D29-90F4-93D3508564D6}.Debug|Any CPU.ActiveCfg = Debug|Any CPU
		{F35C0A12-229D-4D29-90F4-93D3508564D6}.Debug|Any CPU.Build.0 = Debug|Any CPU
		{F35C0A12-229D-4D29-90F4-93D3508564D6}.Release|Any CPU.ActiveCfg = Release|Any CPU
		{F35C0A12-229D-4D29-90F4-93D3508564D6}.Release|Any CPU.Build.0 = Release|Any CPU
		{44B1325E-D2DE-40DC-853B-3B1AA47A5FA4}.Debug|Any CPU.ActiveCfg = Debug|Any CPU
		{44B1325E-D2DE-40DC-853B-3B1AA47A5FA4}.Debug|Any CPU.Build.0 = Debug|Any CPU
		{44B1325E-D2DE-40DC-853B-3B1AA47A5FA4}.Release|Any CPU.ActiveCfg = Release|Any CPU
		{44B1325E-D2DE-40DC-853B-3B1AA47A5FA4}.Release|Any CPU.Build.0 = Release|Any CPU
		{C82B9F7E-19B5-479E-AA50-B6D266E4DB67}.Debug|Any CPU.ActiveCfg = Debug|Any CPU
		{C82B9F7E-19B5-479E-AA50-B6D266E4DB67}.Debug|Any CPU.Build.0 = Debug|Any CPU
		{C82B9F7E-19B5-479E-AA50-B6D266E4DB67}.Release|Any CPU.ActiveCfg = Release|Any CPU
		{C82B9F7E-19B5-479E-AA50-B6D266E4DB67}.Release|Any CPU.Build.0 = Release|Any CPU
		{983BF121-A171-4EA0-A7C8-05FAB327E230}.Debug|Any CPU.ActiveCfg = Debug|Any CPU
		{983BF121-A171-4EA0-A7C8-05FAB327E230}.Debug|Any CPU.Build.0 = Debug|Any CPU
		{983BF121-A171-4EA0-A7C8-05FAB327E230}.Release|Any CPU.ActiveCfg = Release|Any CPU
		{983BF121-A171-4EA0-A7C8-05FAB327E230}.Release|Any CPU.Build.0 = Release|Any CPU
		{18C29026-1AFF-41F5-BBE1-8E316C258B97}.Debug|Any CPU.ActiveCfg = Debug|Any CPU
		{18C29026-1AFF-41F5-BBE1-8E316C258B97}.Debug|Any CPU.Build.0 = Debug|Any CPU
		{18C29026-1AFF-41F5-BBE1-8E316C258B97}.Release|Any CPU.ActiveCfg = Release|Any CPU
		{18C29026-1AFF-41F5-BBE1-8E316C258B97}.Release|Any CPU.Build.0 = Release|Any CPU
		{4AE95A54-4562-4B5C-9830-145B338555B6}.Debug|Any CPU.ActiveCfg = Debug|Any CPU
		{4AE95A54-4562-4B5C-9830-145B338555B6}.Debug|Any CPU.Build.0 = Debug|Any CPU
		{4AE95A54-4562-4B5C-9830-145B338555B6}.Release|Any CPU.ActiveCfg = Release|Any CPU
		{4AE95A54-4562-4B5C-9830-145B338555B6}.Release|Any CPU.Build.0 = Release|Any CPU
		{153E922E-7BB8-401D-8697-CCFF8504D13D}.Debug|Any CPU.ActiveCfg = Debug|Any CPU
		{153E922E-7BB8-401D-8697-CCFF8504D13D}.Debug|Any CPU.Build.0 = Debug|Any CPU
		{153E922E-7BB8-401D-8697-CCFF8504D13D}.Release|Any CPU.ActiveCfg = Release|Any CPU
		{153E922E-7BB8-401D-8697-CCFF8504D13D}.Release|Any CPU.Build.0 = Release|Any CPU
		{8F6664EF-694A-4274-B0F0-4A031DAD2104}.Debug|Any CPU.ActiveCfg = Debug|Any CPU
		{8F6664EF-694A-4274-B0F0-4A031DAD2104}.Debug|Any CPU.Build.0 = Debug|Any CPU
		{8F6664EF-694A-4274-B0F0-4A031DAD2104}.Release|Any CPU.ActiveCfg = Release|Any CPU
		{8F6664EF-694A-4274-B0F0-4A031DAD2104}.Release|Any CPU.Build.0 = Release|Any CPU
	EndGlobalSection
	GlobalSection(SolutionProperties) = preSolution
		HideSolutionNode = FALSE
	EndGlobalSection
	GlobalSection(NestedProjects) = preSolution
		{A2A5FB03-1DD5-41A1-8D6C-9863B8837478} = {A94248FA-4981-426A-BC12-A9D3261E6A2D}
		{F5A6A326-F457-4BA4-B289-A8546E664A35} = {A2A5FB03-1DD5-41A1-8D6C-9863B8837478}
		{2EEE7AC2-BE28-4CD2-BFDF-880C6653F70B} = {A2A5FB03-1DD5-41A1-8D6C-9863B8837478}
		{7C16E9EE-553F-400D-8587-D8B823C64E17} = {A2A5FB03-1DD5-41A1-8D6C-9863B8837478}
		{B04E6FF1-FBAC-41D3-99F1-DD938E80B0BF} = {A2A5FB03-1DD5-41A1-8D6C-9863B8837478}
		{1BF15546-975B-4D41-8477-15B688C8BB07} = {A94248FA-4981-426A-BC12-A9D3261E6A2D}
		{701DD8C3-ECB0-4A01-9ABE-25A4F38F0DAD} = {1BF15546-975B-4D41-8477-15B688C8BB07}
		{F7351409-D1FC-48C9-A663-F71B0CE03B33} = {1BF15546-975B-4D41-8477-15B688C8BB07}
		{15881293-21FD-4E51-8C7E-5F083F5A0EDE} = {A2A5FB03-1DD5-41A1-8D6C-9863B8837478}
		{72181A9C-0EE8-4B21-9B3F-2CCFA969D027} = {A2A5FB03-1DD5-41A1-8D6C-9863B8837478}
		{C5D7A33C-9EE3-4F3E-8B24-9F9F89BD642F} = {1BF15546-975B-4D41-8477-15B688C8BB07}
		{28F977E7-ACA5-4CED-9C28-9D4E93BB3B67} = {A94248FA-4981-426A-BC12-A9D3261E6A2D}
		{0C988709-8EF4-4803-866E-F604D7266AB3} = {4BE4862A-D3DB-41AC-BF27-3264EBB45E1E}
		{8F5595D1-6F55-4A35-903A-E07F3D276B0B} = {1BF15546-975B-4D41-8477-15B688C8BB07}
		{54142E8A-B071-4EEA-B1B9-C5B9A01367FA} = {1BF15546-975B-4D41-8477-15B688C8BB07}
		{3B74A4A2-2E8F-433E-B832-9D0766BE65FF} = {701DD8C3-ECB0-4A01-9ABE-25A4F38F0DAD}
		{3B87D3D4-C58C-4742-B567-CB8D6D54C40A} = {72181A9C-0EE8-4B21-9B3F-2CCFA969D027}
		{35ECA7A4-B287-4018-95FF-FF24920CC274} = {2EEE7AC2-BE28-4CD2-BFDF-880C6653F70B}
		{1E8C1C5D-6A37-4DF0-9823-1EC6197BF3D3} = {2EEE7AC2-BE28-4CD2-BFDF-880C6653F70B}
		{DBA37203-B906-4710-85B4-BCA8DF3A658B} = {2EEE7AC2-BE28-4CD2-BFDF-880C6653F70B}
		{8EC272A6-1D7A-40AE-837C-3988C7BB3F8E} = {2EEE7AC2-BE28-4CD2-BFDF-880C6653F70B}
		{7CFD3E2E-0AFE-4BEB-8C11-E2ECADECFDF3} = {B04E6FF1-FBAC-41D3-99F1-DD938E80B0BF}
		{C9F981CF-2D0E-4CC6-A742-EB2A1FB035AD} = {F5A6A326-F457-4BA4-B289-A8546E664A35}
		{C4E60EB4-E379-4AD3-8A6A-CFF8552B91C0} = {F5A6A326-F457-4BA4-B289-A8546E664A35}
		{71A1219B-FB45-44E4-9172-18358D9810D7} = {F5A6A326-F457-4BA4-B289-A8546E664A35}
		{D3A19E54-2101-4111-A44C-046E5E700CDB} = {15881293-21FD-4E51-8C7E-5F083F5A0EDE}
		{6CE65E56-0509-4F3A-A3EC-D8D0F882F5EF} = {7C16E9EE-553F-400D-8587-D8B823C64E17}
		{BF9BD936-E23B-441C-B440-DC5E9BC1C852} = {F5A6A326-F457-4BA4-B289-A8546E664A35}
		{F07530A9-7BFB-4BCF-8801-B851ECABACD2} = {8F5595D1-6F55-4A35-903A-E07F3D276B0B}
		{F35C0A12-229D-4D29-90F4-93D3508564D6} = {C5D7A33C-9EE3-4F3E-8B24-9F9F89BD642F}
		{44B1325E-D2DE-40DC-853B-3B1AA47A5FA4} = {F7351409-D1FC-48C9-A663-F71B0CE03B33}
		{C82B9F7E-19B5-479E-AA50-B6D266E4DB67} = {F7351409-D1FC-48C9-A663-F71B0CE03B33}
		{983BF121-A171-4EA0-A7C8-05FAB327E230} = {F7351409-D1FC-48C9-A663-F71B0CE03B33}
		{18C29026-1AFF-41F5-BBE1-8E316C258B97} = {F7351409-D1FC-48C9-A663-F71B0CE03B33}
		{4AE95A54-4562-4B5C-9830-145B338555B6} = {54142E8A-B071-4EEA-B1B9-C5B9A01367FA}
		{153E922E-7BB8-401D-8697-CCFF8504D13D} = {28F977E7-ACA5-4CED-9C28-9D4E93BB3B67}
		{8F6664EF-694A-4274-B0F0-4A031DAD2104} = {D7CE7A34-6B26-4943-978E-BB8D46A56C43}
		{E2F6C720-CEF9-4F10-8E32-DF36A2A67474} = {A2A5FB03-1DD5-41A1-8D6C-9863B8837478}
	EndGlobalSection
	GlobalSection(ExtensibilityGlobals) = postSolution
		SolutionGuid = {848A472E-7567-47EF-B122-B016D364DC30}
	EndGlobalSection
EndGlobal
